<?xml version="1.0" encoding="utf-8"?>
<Project ToolsVersion="4.0" xmlns="http://schemas.microsoft.com/developer/msbuild/2003">
  <ItemGroup>
    <Filter Include="Source Files">
      <UniqueIdentifier>{4FC737F1-C7A5-4376-A066-2A32D752A2FF}</UniqueIdentifier>
      <Extensions>cpp;c;cc;cxx;def;odl;idl;hpj;bat;asm;asmx</Extensions>
    </Filter>
    <Filter Include="Header Files">
      <UniqueIdentifier>{93995380-89BD-4b04-88EB-625FBE52EBFB}</UniqueIdentifier>
      <Extensions>h;hpp;hxx;hm;inl;inc;xsd</Extensions>
    </Filter>
    <Filter Include="Resource Files">
      <UniqueIdentifier>{67DA6AB6-F800-4c08-8B7A-83BB121AAD01}</UniqueIdentifier>
      <Extensions>rc;ico;cur;bmp;dlg;rc2;rct;bin;rgs;gif;jpg;jpeg;jpe;resx;tiff;tif;png;wav;mfcribbon-ms</Extensions>
    </Filter>
  </ItemGroup>
  <ItemGroup>
    <None Include="ReadMe.txt" />
    <None Include="app.ico">
      <Filter>Resource Files</Filter>
    </None>
  </ItemGroup>
  <ItemGroup>
    <ClCompile Include="WindowsFormApp.cpp">
      <Filter>Source Files</Filter>
    </ClCompile>
    <ClCompile Include="AssemblyInfo.cpp">
      <Filter>Source Files</Filter>
    </ClCompile>
    <ClCompile Include="stdafx.cpp">
      <Filter>Source Files</Filter>
    </ClCompile>
    <ClCompile Include="MeanShift\MeanShift.cpp">
      <Filter>Source Files</Filter>
    </ClCompile>
    <ClCompile Include="ColorProcessing\ColorDifference.cpp">
      <Filter>Source Files</Filter>
    </ClCompile>
    <ClCompile Include="ImagesStats\ImageStats.cpp">
      <Filter>Source Files</Filter>
    </ClCompile>
  </ItemGroup>
  <ItemGroup>
    <ClInclude Include="Form1.h">
      <Filter>Header Files</Filter>
    </ClInclude>
    <ClInclude Include="stdafx.h">
      <Filter>Header Files</Filter>
    </ClInclude>
    <ClInclude Include="resource.h">
      <Filter>Header Files</Filter>
    </ClInclude>
    <ClInclude Include="Debug\KMeansLAB.h">
      <Filter>Header Files</Filter>
    </ClInclude>
    <ClInclude Include="MeanShift\MeanShift.h">
      <Filter>Header Files</Filter>
    </ClInclude>
    <ClInclude Include="ColorProcessing\ColorDifference.h">
      <Filter>Header Files</Filter>
    </ClInclude>
    <ClInclude Include="ArrayHelperr\ArrayHelperr.h">
      <Filter>Header Files</Filter>
    </ClInclude>
    <ClInclude Include="OpenedImageData\OpenedImageData.h">
      <Filter>Header Files</Filter>
    </ClInclude>
    <ClInclude Include="ColorProcessing\ColorSpace.h">
      <Filter>Header Files</Filter>
    </ClInclude>
    <ClInclude Include="Helper\Helper.h">
      <Filter>Header Files</Filter>
    </ClInclude>
    <ClInclude Include="Histogram\Histogram.h">
      <Filter>Header Files</Filter>
    </ClInclude>
    <ClInclude Include="FogRemoval\FogRemoval.h">
      <Filter>Header Files</Filter>
    </ClInclude>
    <ClInclude Include="ImagesStats\ImagesStats.h">
      <Filter>Header Files</Filter>
    </ClInclude>
  </ItemGroup>
  <ItemGroup>
    <ResourceCompile Include="app.rc">
      <Filter>Resource Files</Filter>
    </ResourceCompile>
  </ItemGroup>
  <ItemGroup>
    <EmbeddedResource Include="Form1.resX">
      <Filter>Resource Files</Filter>
    </EmbeddedResource>
  </ItemGroup>
  <ItemGroup>
    <Library Include="Debug\opencv_calib3d2411d.lib" />
    <Library Include="Debug\opencv_contrib2411d.lib" />
    <Library Include="Debug\opencv_core2411d.lib" />
    <Library Include="Debug\opencv_features2d2411d.lib" />
    <Library Include="Debug\opencv_flann2411d.lib" />
    <Library Include="Debug\opencv_gpu2411d.lib" />
    <Library Include="Debug\opencv_highgui2411d.lib" />
    <Library Include="Debug\opencv_imgproc2411d.lib" />
    <Library Include="Debug\opencv_legacy2411d.lib" />
    <Library Include="Debug\opencv_ml2411d.lib" />
    <Library Include="Debug\opencv_nonfree2411d.lib" />
    <Library Include="Debug\opencv_objdetect2411d.lib" />
    <Library Include="Debug\opencv_ocl2411d.lib" />
    <Library Include="Debug\opencv_photo2411d.lib" />
    <Library Include="Debug\opencv_stitching2411d.lib" />
    <Library Include="Debug\opencv_superres2411d.lib" />
    <Library Include="Debug\opencv_ts2411d.lib" />
    <Library Include="Debug\opencv_video2411d.lib" />
    <Library Include="Debug\opencv_videostab2411d.lib" />
  </ItemGroup>
  <ItemGroup>
    <Image Include="MeanShift\input.png">
      <Filter>Resource Files</Filter>
    </Image>
    <Image Include="MeanShift\result.png">
      <Filter>Resource Files</Filter>
    </Image>
  </ItemGroup>
</Project>